
Microsoft Visual Studio Solution File, Format Version 12.00
# Visual Studio Version 16
VisualStudioVersion = 16.0.29009.5
MinimumVisualStudioVersion = 10.0.40219.1
Project("{FAE04EC0-301F-11D3-BF4B-00C04F79EFBC}") = "XWP.Demo06.Android", "XWP.Demo06\XWP.Demo06.Android\XWP.Demo06.Android.csproj", "{D91EF91B-FB0C-4C8D-B298-480C04AA4348}"
EndProject
Project("{FAE04EC0-301F-11D3-BF4B-00C04F79EFBC}") = "XWP.Demo06.iOS", "XWP.Demo06\XWP.Demo06.iOS\XWP.Demo06.iOS.csproj", "{DACD3795-5AD0-4ED2-B448-A5679AAC5CD5}"
EndProject
Project("{FAE04EC0-301F-11D3-BF4B-00C04F79EFBC}") = "XWP.Demo06", "XWP.Demo06\XWP.Demo06\XWP.Demo06.csproj", "{AA0CFE71-642C-4B34-B4A3-E547F0934F0C}"
EndProject
Global
	GlobalSection(SolutionConfigurationPlatforms) = preSolution
		Debug|Any CPU = Debug|Any CPU
		Debug|iPhone = Debug|iPhone
		Debug|iPhoneSimulator = Debug|iPhoneSimulator
		Release|Any CPU = Release|Any CPU
		Release|iPhone = Release|iPhone
		Release|iPhoneSimulator = Release|iPhoneSimulator
	EndGlobalSection
	GlobalSection(ProjectConfigurationPlatforms) = postSolution
		{D91EF91B-FB0C-4C8D-B298-480C04AA4348}.Debug|Any CPU.ActiveCfg = Debug|Any CPU
		{D91EF91B-FB0C-4C8D-B298-480C04AA4348}.Debug|Any CPU.Build.0 = Debug|Any CPU
		{D91EF91B-FB0C-4C8D-B298-480C04AA4348}.Debug|Any CPU.Deploy.0 = Debug|Any CPU
		{D91EF91B-FB0C-4C8D-B298-480C04AA4348}.Debug|iPhone.ActiveCfg = Debug|Any CPU
		{D91EF91B-FB0C-4C8D-B298-480C04AA4348}.Debug|iPhone.Build.0 = Debug|Any CPU
		{D91EF91B-FB0C-4C8D-B298-480C04AA4348}.Debug|iPhone.Deploy.0 = Debug|Any CPU
		{D91EF91B-FB0C-4C8D-B298-480C04AA4348}.Debug|iPhoneSimulator.ActiveCfg = Debug|Any CPU
		{D91EF91B-FB0C-4C8D-B298-480C04AA4348}.Debug|iPhoneSimulator.Build.0 = Debug|Any CPU
		{D91EF91B-FB0C-4C8D-B298-480C04AA4348}.Debug|iPhoneSimulator.Deploy.0 = Debug|Any CPU
		{D91EF91B-FB0C-4C8D-B298-480C04AA4348}.Release|Any CPU.ActiveCfg = Release|Any CPU
		{D91EF91B-FB0C-4C8D-B298-480C04AA4348}.Release|Any CPU.Build.0 = Release|Any CPU
		{D91EF91B-FB0C-4C8D-B298-480C04AA4348}.Release|Any CPU.Deploy.0 = Release|Any CPU
		{D91EF91B-FB0C-4C8D-B298-480C04AA4348}.Release|iPhone.ActiveCfg = Release|Any CPU
		{D91EF91B-FB0C-4C8D-B298-480C04AA4348}.Release|iPhone.Build.0 = Release|Any CPU
		{D91EF91B-FB0C-4C8D-B298-480C04AA4348}.Release|iPhone.Deploy.0 = Release|Any CPU
		{D91EF91B-FB0C-4C8D-B298-480C04AA4348}.Release|iPhoneSimulator.ActiveCfg = Release|Any CPU
		{D91EF91B-FB0C-4C8D-B298-480C04AA4348}.Release|iPhoneSimulator.Build.0 = Release|Any CPU
		{D91EF91B-FB0C-4C8D-B298-480C04AA4348}.Release|iPhoneSimulator.Deploy.0 = Release|Any CPU
		{DACD3795-5AD0-4ED2-B448-A5679AAC5CD5}.Debug|Any CPU.ActiveCfg = Debug|iPhoneSimulator
		{DACD3795-5AD0-4ED2-B448-A5679AAC5CD5}.Debug|Any CPU.Build.0 = Debug|iPhoneSimulator
		{DACD3795-5AD0-4ED2-B448-A5679AAC5CD5}.Debug|Any CPU.Deploy.0 = Debug|iPhoneSimulator
		{DACD3795-5AD0-4ED2-B448-A5679AAC5CD5}.Debug|iPhone.ActiveCfg = Debug|iPhone
		{DACD3795-5AD0-4ED2-B448-A5679AAC5CD5}.Debug|iPhone.Build.0 = Debug|iPhone
		{DACD3795-5AD0-4ED2-B448-A5679AAC5CD5}.Debug|iPhone.Deploy.0 = Debug|iPhone
		{DACD3795-5AD0-4ED2-B448-A5679AAC5CD5}.Debug|iPhoneSimulator.ActiveCfg = Debug|iPhoneSimulator
		{DACD3795-5AD0-4ED2-B448-A5679AAC5CD5}.Debug|iPhoneSimulator.Build.0 = Debug|iPhoneSimulator
		{DACD3795-5AD0-4ED2-B448-A5679AAC5CD5}.Debug|iPhoneSimulator.Deploy.0 = Debug|iPhoneSimulator
		{DACD3795-5AD0-4ED2-B448-A5679AAC5CD5}.Release|Any CPU.ActiveCfg = Release|iPhone
		{DACD3795-5AD0-4ED2-B448-A5679AAC5CD5}.Release|Any CPU.Build.0 = Release|iPhone
		{DACD3795-5AD0-4ED2-B448-A5679AAC5CD5}.Release|Any CPU.Deploy.0 = Release|iPhone
		{DACD3795-5AD0-4ED2-B448-A5679AAC5CD5}.Release|iPhone.ActiveCfg = Release|iPhone
		{DACD3795-5AD0-4ED2-B448-A5679AAC5CD5}.Release|iPhone.Build.0 = Release|iPhone
		{DACD3795-5AD0-4ED2-B448-A5679AAC5CD5}.Release|iPhone.Deploy.0 = Release|iPhone
		{DACD3795-5AD0-4ED2-B448-A5679AAC5CD5}.Release|iPhoneSimulator.ActiveCfg = Release|iPhoneSimulator
		{DACD3795-5AD0-4ED2-B448-A5679AAC5CD5}.Release|iPhoneSimulator.Build.0 = Release|iPhoneSimulator
		{DACD3795-5AD0-4ED2-B448-A5679AAC5CD5}.Release|iPhoneSimulator.Deploy.0 = Release|iPhoneSimulator
		{AA0CFE71-642C-4B34-B4A3-E547F0934F0C}.Debug|Any CPU.ActiveCfg = Debug|Any CPU
		{AA0CFE71-642C-4B34-B4A3-E547F0934F0C}.Debug|Any CPU.Build.0 = Debug|Any CPU
		{AA0CFE71-642C-4B34-B4A3-E547F0934F0C}.Debug|Any CPU.Deploy.0 = Debug|Any CPU
		{AA0CFE71-642C-4B34-B4A3-E547F0934F0C}.Debug|iPhone.ActiveCfg = Debug|Any CPU
		{AA0CFE71-642C-4B34-B4A3-E547F0934F0C}.Debug|iPhone.Build.0 = Debug|Any CPU
		{AA0CFE71-642C-4B34-B4A3-E547F0934F0C}.Debug|iPhone.Deploy.0 = Debug|Any CPU
		{AA0CFE71-642C-4B34-B4A3-E547F0934F0C}.Debug|iPhoneSimulator.ActiveCfg = Debug|Any CPU
		{AA0CFE71-642C-4B34-B4A3-E547F0934F0C}.Debug|iPhoneSimulator.Build.0 = Debug|Any CPU
		{AA0CFE71-642C-4B34-B4A3-E547F0934F0C}.Debug|iPhoneSimulator.Deploy.0 = Debug|Any CPU
		{AA0CFE71-642C-4B34-B4A3-E547F0934F0C}.Release|Any CPU.ActiveCfg = Release|Any CPU
		{AA0CFE71-642C-4B34-B4A3-E547F0934F0C}.Release|Any CPU.Build.0 = Release|Any CPU
		{AA0CFE71-642C-4B34-B4A3-E547F0934F0C}.Release|Any CPU.Deploy.0 = Release|Any CPU
		{AA0CFE71-642C-4B34-B4A3-E547F0934F0C}.Release|iPhone.ActiveCfg = Release|Any CPU
		{AA0CFE71-642C-4B34-B4A3-E547F0934F0C}.Release|iPhone.Build.0 = Release|Any CPU
		{AA0CFE71-642C-4B34-B4A3-E547F0934F0C}.Release|iPhone.Deploy.0 = Release|Any CPU
		{AA0CFE71-642C-4B34-B4A3-E547F0934F0C}.Release|iPhoneSimulator.ActiveCfg = Release|Any CPU
		{AA0CFE71-642C-4B34-B4A3-E547F0934F0C}.Release|iPhoneSimulator.Build.0 = Release|Any CPU
		{AA0CFE71-642C-4B34-B4A3-E547F0934F0C}.Release|iPhoneSimulator.Deploy.0 = Release|Any CPU
	EndGlobalSection
	GlobalSection(SolutionProperties) = preSolution
		HideSolutionNode = FALSE
	EndGlobalSection
	GlobalSection(ExtensibilityGlobals) = postSolution
		SolutionGuid = {7CFD8930-614F-440A-8DBA-FEC35A084D2B}
	EndGlobalSection
EndGlobal
